// !$*UTF8*$!
{
	archiveVersion = 1;
	classes = {
	};
	objectVersion = 46;
	objects = {

/* Begin PBXBuildFile section */
		B05290C21A82D9F10008C0F6 /* AppDelegate.swift in Sources */ = {isa = PBXBuildFile; fileRef = B05290C11A82D9F10008C0F6 /* AppDelegate.swift */; };
		B05290C41A82D9F10008C0F6 /* ViewController.swift in Sources */ = {isa = PBXBuildFile; fileRef = B05290C31A82D9F10008C0F6 /* ViewController.swift */; };
		B05290C71A82D9F10008C0F6 /* Main.storyboard in Resources */ = {isa = PBXBuildFile; fileRef = B05290C51A82D9F10008C0F6 /* Main.storyboard */; };
		B05290C91A82D9F10008C0F6 /* Images.xcassets in Resources */ = {isa = PBXBuildFile; fileRef = B05290C81A82D9F10008C0F6 /* Images.xcassets */; };
		B05290CC1A82D9F10008C0F6 /* LaunchScreen.xib in Resources */ = {isa = PBXBuildFile; fileRef = B05290CA1A82D9F10008C0F6 /* LaunchScreen.xib */; };
		B05290D81A82D9F10008C0F6 /* CalculatorTests.swift in Sources */ = {isa = PBXBuildFile; fileRef = B05290D71A82D9F10008C0F6 /* CalculatorTests.swift */; };
/* End PBXBuildFile section */

/* Begin PBXContainerItemProxy section */
		B05290D21A82D9F10008C0F6 /* PBXContainerItemProxy */ = {
			isa = PBXContainerItemProxy;
			containerPortal = B05290B41A82D9F10008C0F6 /* Project object */;
			proxyType = 1;
			remoteGlobalIDString = B05290BB1A82D9F10008C0F6;
			remoteInfo = Calculator;
		};
/* End PBXContainerItemProxy section */

/* Begin PBXFileReference section */
		B05290BC1A82D9F10008C0F6 /* Calculator.app */ = {isa = PBXFileReference; explicitFileType = wrapper.application; includeInIndex = 0; path = Calculator.app; sourceTree = BUILT_PRODUCTS_DIR; };
		B05290C01A82D9F10008C0F6 /* Info.plist */ = {isa = PBXFileReference; lastKnownFileType = text.plist.xml; path = Info.plist; sourceTree = "<group>"; };
		B05290C11A82D9F10008C0F6 /* AppDelegate.swift */ = {isa = PBXFileReference; lastKnownFileType = sourcecode.swift; path = AppDelegate.swift; sourceTree = "<group>"; };
		B05290C31A82D9F10008C0F6 /* ViewController.swift */ = {isa = PBXFileReference; lastKnownFileType = sourcecode.swift; path = ViewController.swift; sourceTree = "<group>"; };
		B05290C61A82D9F10008C0F6 /* Base */ = {isa = PBXFileReference; lastKnownFileType = file.storyboard; name = Base; path = Base.lproj/Main.storyboard; sourceTree = "<group>"; };
		B05290C81A82D9F10008C0F6 /* Images.xcassets */ = {isa = PBXFileReference; lastKnownFileType = folder.assetcatalog; path = Images.xcassets; sourceTree = "<group>"; };
		B05290CB1A82D9F10008C0F6 /* Base */ = {isa = PBXFileReference; lastKnownFileType = file.xib; name = Base; path = Base.lproj/LaunchScreen.xib; sourceTree = "<group>"; };
		B05290D11A82D9F10008C0F6 /* CalculatorTests.xctest */ = {isa = PBXFileReference; explicitFileType = wrapper.cfbundle; includeInIndex = 0; path = CalculatorTests.xctest; sourceTree = BUILT_PRODUCTS_DIR; };
		B05290D61A82D9F10008C0F6 /* Info.plist */ = {isa = PBXFileReference; lastKnownFileType = text.plist.xml; path = Info.plist; sourceTree = "<group>"; };
		B05290D71A82D9F10008C0F6 /* CalculatorTests.swift */ = {isa = PBXFileReference; lastKnownFileType = sourcecode.swift; path = CalculatorTests.swift; sourceTree = "<group>"; };
/* End PBXFileReference section */

/* Begin PBXFrameworksBuildPhase section */
		B05290B91A82D9F10008C0F6 /* Frameworks */ = {
			isa = PBXFrameworksBuildPhase;
			buildActionMask = 2147483647;
			files = (
			);
			runOnlyForDeploymentPostprocessing = 0;
		};
		B05290CE1A82D9F10008C0F6 /* Frameworks */ = {
			isa = PBXFrameworksBuildPhase;
			buildActionMask = 2147483647;
			files = (
			);
			runOnlyForDeploymentPostprocessing = 0;
		};
/* End PBXFrameworksBuildPhase section */

/* Begin PBXGroup section */
		B05290B31A82D9F10008C0F6 = {
			isa = PBXGroup;
			children = (
				B05290BE1A82D9F10008C0F6 /* Calculator */,
				B05290D41A82D9F10008C0F6 /* CalculatorTests */,
				B05290BD1A82D9F10008C0F6 /* Products */,
			);
			sourceTree = "<group>";
		};
		B05290BD1A82D9F10008C0F6 /* Products */ = {
			isa = PBXGroup;
			children = (
				B05290BC1A82D9F10008C0F6 /* Calculator.app */,
				B05290D11A82D9F10008C0F6 /* CalculatorTests.xctest */,
			);
			name = Products;
			sourceTree = "<group>";
		};
		B05290BE1A82D9F10008C0F6 /* Calculator */ = {
			isa = PBXGroup;
			children = (
				B05290C31A82D9F10008C0F6 /* ViewController.swift */,
				B05290C51A82D9F10008C0F6 /* Main.storyboard */,
				B05290BF1A82D9F10008C0F6 /* Supporting Files */,
			);
			path = Calculator;
			sourceTree = "<group>";
		};
		B05290BF1A82D9F10008C0F6 /* Supporting Files */ = {
			isa = PBXGroup;
			children = (
				B05290C81A82D9F10008C0F6 /* Images.xcassets */,
				B05290CA1A82D9F10008C0F6 /* LaunchScreen.xib */,
				B05290C11A82D9F10008C0F6 /* AppDelegate.swift */,
				B05290C01A82D9F10008C0F6 /* Info.plist */,
			);
			name = "Supporting Files";
			sourceTree = "<group>";
		};
		B05290D41A82D9F10008C0F6 /* CalculatorTests */ = {
			isa = PBXGroup;
			children = (
				B05290D71A82D9F10008C0F6 /* CalculatorTests.swift */,
				B05290D51A82D9F10008C0F6 /* Supporting Files */,
			);
			path = CalculatorTests;
			sourceTree = "<group>";
		};
		B05290D51A82D9F10008C0F6 /* Supporting Files */ = {
			isa = PBXGroup;
			children = (
				B05290D61A82D9F10008C0F6 /* Info.plist */,
			);
			name = "Supporting Files";
			sourceTree = "<group>";
		};
/* End PBXGroup section */

/* Begin PBXNativeTarget section */
		B05290BB1A82D9F10008C0F6 /* Calculator */ = {
			isa = PBXNativeTarget;
			buildConfigurationList = B05290DB1A82D9F10008C0F6 /* Build configuration list for PBXNativeTarget "Calculator" */;
			buildPhases = (
				B05290B81A82D9F10008C0F6 /* Sources */,
				B05290B91A82D9F10008C0F6 /* Frameworks */,
				B05290BA1A82D9F10008C0F6 /* Resources */,
			);
			buildRules = (
			);
			dependencies = (
			);
			name = Calculator;
			productName = Calculator;
			productReference = B05290BC1A82D9F10008C0F6 /* Calculator.app */;
			productType = "com.apple.product-type.application";
		};
		B05290D01A82D9F10008C0F6 /* CalculatorTests */ = {
			isa = PBXNativeTarget;
			buildConfigurationList = B05290DE1A82D9F10008C0F6 /* Build configuration list for PBXNativeTarget "CalculatorTests" */;
			buildPhases = (
				B05290CD1A82D9F10008C0F6 /* Sources */,
				B05290CE1A82D9F10008C0F6 /* Frameworks */,
				B05290CF1A82D9F10008C0F6 /* Resources */,
			);
			buildRules = (
			);
			dependencies = (
				B05290D31A82D9F10008C0F6 /* PBXTargetDependency */,
			);
			name = CalculatorTests;
			productName = CalculatorTests;
			productReference = B05290D11A82D9F10008C0F6 /* CalculatorTests.xctest */;
			productType = "com.apple.product-type.bundle.unit-test";
		};
/* End PBXNativeTarget section */

/* Begin PBXProject section */
		B05290B41A82D9F10008C0F6 /* Project object */ = {
			isa = PBXProject;
			attributes = {
				LastUpgradeCheck = 0610;
				ORGANIZATIONNAME = Wayne;
				TargetAttributes = {
					B05290BB1A82D9F10008C0F6 = {
						CreatedOnToolsVersion = 6.1.1;
					};
					B05290D01A82D9F10008C0F6 = {
						CreatedOnToolsVersion = 6.1.1;
						TestTargetID = B05290BB1A82D9F10008C0F6;
					};
				};
			};
			buildConfigurationList = B05290B71A82D9F10008C0F6 /* Build configuration list for PBXProject "Calculator" */;
			compatibilityVersion = "Xcode 3.2";
			developmentRegion = English;
			hasScannedForEncodings = 0;
			knownRegions = (
				en,
				Base,
			);
			mainGroup = B05290B31A82D9F10008C0F6;
			productRefGroup = B05290BD1A82D9F10008C0F6 /* Products */;
			projectDirPath = "";
			projectRoot = "";
			targets = (
				B05290BB1A82D9F10008C0F6 /* Calculator */,
				B05290D01A82D9F10008C0F6 /* CalculatorTests */,
			);
		};
/* End PBXProject section */

/* Begin PBXResourcesBuildPhase section */
		B05290BA1A82D9F10008C0F6 /* Resources */ = {
			isa = PBXResourcesBuildPhase;
			buildActionMask = 2147483647;
			files = (
				B05290C71A82D9F10008C0F6 /* Main.storyboard in Resources */,
				B05290CC1A82D9F10008C0F6 /* LaunchScreen.xib in Resources */,
				B05290C91A82D9F10008C0F6 /* Images.xcassets in Resources */,
			);
			runOnlyForDeploymentPostprocessing = 0;
		};
		B05290CF1A82D9F10008C0F6 /* Resources */ = {
			isa = PBXResourcesBuildPhase;
			buildActionMask = 2147483647;
			files = (
			);
			runOnlyForDeploymentPostprocessing = 0;
		};
/* End PBXResourcesBuildPhase section */

/* Begin PBXSourcesBuildPhase section */
		B05290B81A82D9F10008C0F6 /* Sources */ = {
			isa = PBXSourcesBuildPhase;
			buildActionMask = 2147483647;
			files = (
				B05290C41A82D9F10008C0F6 /* ViewController.swift in Sources */,
				B05290C21A82D9F10008C0F6 /* AppDelegate.swift in Sources */,
			);
			runOnlyForDeploymentPostprocessing = 0;
		};
		B05290CD1A82D9F10008C0F6 /* Sources */ = {
			isa = PBXSourcesBuildPhase;
			buildActionMask = 2147483647;
			files = (
				B05290D81A82D9F10008C0F6 /* CalculatorTests.swift in Sources */,
			);
			runOnlyForDeploymentPostprocessing = 0;
		};
/* End PBXSourcesBuildPhase section */

/* Begin PBXTargetDependency section */
		B05290D31A82D9F10008C0F6 /* PBXTargetDependency */ = {
			isa = PBXTargetDependency;
			target = B05290BB1A82D9F10008C0F6 /* Calculator */;
			targetProxy = B05290D21A82D9F10008C0F6 /* PBXContainerItemProxy */;
		};
/* End PBXTargetDependency section */

/* Begin PBXVariantGroup section */
		B05290C51A82D9F10008C0F6 /* Main.storyboard */ = {
			isa = PBXVariantGroup;
			children = (
				B05290C61A82D9F10008C0F6 /* Base */,
			);
			name = Main.storyboard;
			sourceTree = "<group>";
		};
		B05290CA1A82D9F10008C0F6 /* LaunchScreen.xib */ = {
			isa = PBXVariantGroup;
			children = (
				B05290CB1A82D9F10008C0F6 /* Base */,
			);
			name = LaunchScreen.xib;
			sourceTree = "<group>";
		};
/* End PBXVariantGroup section */

/* Begin XCBuildConfiguration section */
		B05290D91A82D9F10008C0F6 /* Debug */ = {
			isa = XCBuildConfiguration;
			buildSettings = {
				ALWAYS_SEARCH_USER_PATHS = NO;
				CLANG_CXX_LANGUAGE_STANDARD = "gnu++0x";
				CLANG_CXX_LIBRARY = "libc++";
				CLANG_ENABLE_MODULES = YES;
				CLANG_ENABLE_OBJC_ARC = YES;
				CLANG_WARN_BOOL_CONVERSION = YES;
				CLANG_WARN_CONSTANT_CONVERSION = YES;
				CLANG_WARN_DIRECT_OBJC_ISA_USAGE = YES_ERROR;
				CLANG_WARN_EMPTY_BODY = YES;
				CLANG_WARN_ENUM_CONVERSION = YES;
				CLANG_WARN_INT_CONVERSION = YES;
				CLANG_WARN_OBJC_ROOT_CLASS = YES_ERROR;
				CLANG_WARN_UNREACHABLE_CODE = YES;
				CLANG_WARN__DUPLICATE_METHOD_MATCH = YES;
				"CODE_SIGN_IDENTITY[sdk=iphoneos*]" = "iPhone Developer";
				COPY_PHASE_STRIP = NO;
				ENABLE_STRICT_OBJC_MSGSEND = YES;
				GCC_C_LANGUAGE_STANDARD = gnu99;
				GCC_DYNAMIC_NO_PIC = NO;
				GCC_OPTIMIZATION_LEVEL = 0;
				GCC_PREPROCESSOR_DEFINITIONS = (
					"DEBUG=1",
					"$(inherited)",
				);
				GCC_SYMBOLS_PRIVATE_EXTERN = NO;
				GCC_WARN_64_TO_32_BIT_CONVERSION = YES;
				GCC_WARN_ABOUT_RETURN_TYPE = YES_ERROR;
				GCC_WARN_UNDECLARED_SELECTOR = YES;
				GCC_WARN_UNINITIALIZED_AUTOS = YES_AGGRESSIVE;
				GCC_WARN_UNUSED_FUNCTION = YES;
				GCC_WARN_UNUSED_VARIABLE = YES;
				IPHONEOS_DEPLOYMENT_TARGET = 8.1;
				MTL_ENABLE_DEBUG_INFO = YES;
				ONLY_ACTIVE_ARCH = YES;
				SDKROOT = iphoneos;
				SWIFT_OPTIMIZATION_LEVEL = "-Onone";
				TARGETED_DEVICE_FAMILY = "1,2";
			};
			name = Debug;
		};
		B05290DA1A82D9F10008C0F6 /* Release */ = {
			isa = XCBuildConfiguration;
			buildSettings = {
				ALWAYS_SEARCH_USER_PATHS = NO;
				CLANG_CXX_LANGUAGE_STANDARD = "gnu++0x";
				CLANG_CXX_LIBRARY = "libc++";
				CLANG_ENABLE_MODULES = YES;
				CLANG_ENABLE_OBJC_ARC = YES;
				CLANG_WARN_BOOL_CONVERSION = YES;
				CLANG_WARN_CONSTANT_CONVERSION = YES;
				CLANG_WARN_DIRECT_OBJC_ISA_USAGE = YES_ERROR;
				CLANG_WARN_EMPTY_BODY = YES;
				CLANG_WARN_ENUM_CONVERSION = YES;
				CLANG_WARN_INT_CONVERSION = YES;
				CLANG_WARN_OBJC_ROOT_CLASS = YES_ERROR;
				CLANG_WARN_UNREACHABLE_CODE = YES;
				CLANG_WARN__DUPLICATE_METHOD_MATCH = YES;
				"CODE_SIGN_IDENTITY[sdk=iphoneos*]" = "iPhone Developer";
				COPY_PHASE_STRIP = YES;
				ENABLE_NS_ASSERTIONS = NO;
				ENABLE_STRICT_OBJC_MSGSEND = YES;
				GCC_C_LANGUAGE_STANDARD = gnu99;
				GCC_WARN_64_TO_32_BIT_CONVERSION = YES;
				GCC_WARN_ABOUT_RETURN_TYPE = YES_ERROR;
				GCC_WARN_UNDECLARED_SELECTOR = YES;
				GCC_WARN_UNINITIALIZED_AUTOS = YES_AGGRESSIVE;
				GCC_WARN_UNUSED_FUNCTION = YES;
				GCC_WARN_UNUSED_VARIABLE = YES;
				IPHONEOS_DEPLOYMENT_TARGET = 8.1;
				MTL_ENABLE_DEBUG_INFO = NO;
				SDKROOT = iphoneos;
				TARGETED_DEVICE_FAMILY = "1,2";
				VALIDATE_PRODUCT = YES;
			};
			name = Release;
		};
		B05290DC1A82D9F10008C0F6 /* Debug */ = {
			isa = XCBuildConfiguration;
			buildSettings = {
				ASSETCATALOG_COMPILER_APPICON_NAME = AppIcon;
				INFOPLIST_FILE = Calculator/Info.plist;
				LD_RUNPATH_SEARCH_PATHS = "$(inherited) @executable_path/Frameworks";
				PRODUCT_NAME = "$(TARGET_NAME)";
			};
			name = Debug;
		};
		B05290DD1A82D9F10008C0F6 /* Release */ = {
			isa = XCBuildConfiguration;
			buildSettings = {
				ASSETCATALOG_COMPILER_APPICON_NAME = AppIcon;
				INFOPLIST_FILE = Calculator/Info.plist;
				LD_RUNPATH_SEARCH_PATHS = "$(inherited) @executable_path/Frameworks";
				PRODUCT_NAME = "$(TARGET_NAME)";
			};
			name = Release;
		};
		B05290DF1A82D9F10008C0F6 /* Debug */ = {
			isa = XCBuildConfiguration;
			buildSettings = {
				BUNDLE_LOADER = "$(TEST_HOST)";
				FRAMEWORK_SEARCH_PATHS = (
					"$(SDKROOT)/Developer/Library/Frameworks",
					"$(inherited)",
				);
				GCC_PREPROCESSOR_DEFINITIONS = (
					"DEBUG=1",
					"$(inherited)",
				);
				INFOPLIST_FILE = CalculatorTests/Info.plist;
				LD_RUNPATH_SEARCH_PATHS = "$(inherited) @executable_path/Frameworks @loader_path/Frameworks";
				PRODUCT_NAME = "$(TARGET_NAME)";
				TEST_HOST = "$(BUILT_PRODUCTS_DIR)/Calculator.app/Calculator";
			};
			name = Debug;
		};
		B05290E01A82D9F10008C0F6 /* Release */ = {
			isa = XCBuildConfiguration;
			buildSettings = {
				BUNDLE_LOADER = "$(TEST_HOST)";
				FRAMEWORK_SEARCH_PATHS = (
					"$(SDKROOT)/Developer/Library/Frameworks",
					"$(inherited)",
				);
				INFOPLIST_FILE = CalculatorTests/Info.plist;
				LD_RUNPATH_SEARCH_PATHS = "$(inherited) @executable_path/Frameworks @loader_path/Frameworks";
				PRODUCT_NAME = "$(TARGET_NAME)";
				TEST_HOST = "$(BUILT_PRODUCTS_DIR)/Calculator.app/Calculator";
			};
			name = Release;
		};
/* End XCBuildConfiguration section */

/* Begin XCConfigurationList section */
		B05290B71A82D9F10008C0F6 /* Build configuration list for PBXProject "Calculator" */ = {
			isa = XCConfigurationList;
			buildConfigurations = (
				B05290D91A82D9F10008C0F6 /* Debug */,
				B05290DA1A82D9F10008C0F6 /* Release */,
			);
			defaultConfigurationIsVisible = 0;
			defaultConfigurationName = Release;
		};
		B05290DB1A82D9F10008C0F6 /* Build configuration list for PBXNativeTarget "Calculator" */ = {
			isa = XCConfigurationList;
			buildConfigurations = (
				B05290DC1A82D9F10008C0F6 /* Debug */,
				B05290DD1A82D9F10008C0F6 /* Release */,
			);
			defaultConfigurationIsVisible = 0;
		};
		B05290DE1A82D9F10008C0F6 /* Build configuration list for PBXNativeTarget "CalculatorTests" */ = {
			isa = XCConfigurationList;
			buildConfigurations = (
				B05290DF1A82D9F10008C0F6 /* Debug */,
				B05290E01A82D9F10008C0F6 /* Release */,
			);
			defaultConfigurationIsVisible = 0;
		};
/* End XCConfigurationList section */
	};
	rootObject = B05290B41A82D9F10008C0F6 /* Project object */;
}
